
Microsoft Visual Studio Solution File, Format Version 12.00
# Visual Studio Version 17
VisualStudioVersion = 17.2.32630.192
MinimumVisualStudioVersion = 10.0.40219.1
Project("{9A19103F-16F7-4668-BE54-9A1E7A4F7556}") = "CadastroOngs", "CadastroOngs\CadastroOngs.csproj", "{E431157A-BD34-41F0-9121-0E1FA8095A89}"
EndProject
Project("{9A19103F-16F7-4668-BE54-9A1E7A4F7556}") = "Main", "Main\Main.csproj", "{86C42F4A-8E08-452C-8B9F-F03B9539D81A}"
EndProject
Project("{9A19103F-16F7-4668-BE54-9A1E7A4F7556}") = "CadastroPessoas", "CadastroPessoas\CadastroPessoas.csproj", "{1319EF6F-D33C-4D80-B0A2-9618DC58784A}"
EndProject
Project("{9A19103F-16F7-4668-BE54-9A1E7A4F7556}") = "CadastroUsuarios", "CadastroUsuarios\CadastroUsuarios.csproj", "{0AB67F95-4E27-4CC6-996B-66DC32363954}"
EndProject
Project("{9A19103F-16F7-4668-BE54-9A1E7A4F7556}") = "Relatorios", "Relatorios\Relatorios.csproj", "{579697DD-53E2-452B-AB4C-79E140B036FA}"
EndProject
Project("{9A19103F-16F7-4668-BE54-9A1E7A4F7556}") = "CadastroObjetos", "CadastroObjetos\CadastroObjetos.csproj", "{5C2EEFCA-1F4D-44E5-A352-C09F715B6A3E}"
EndProject
Project("{9A19103F-16F7-4668-BE54-9A1E7A4F7556}") = "PesquisaObjetos", "PesquisaObjetos\PesquisaObjetos.csproj", "{2BDDC39E-EC4B-44A8-A8F7-866577069FDE}"
EndProject
Project("{2150E333-8FDC-42A3-9474-1A3956D46DE8}") = "FRONT", "FRONT", "{9F4AD789-C203-4155-A3D7-0653CD509FE2}"
EndProject
Project("{2150E333-8FDC-42A3-9474-1A3956D46DE8}") = "SERVER", "SERVER", "{7C62B8FF-966F-49A9-8DEC-6E09577F3BD5}"
EndProject
Project("{9A19103F-16F7-4668-BE54-9A1E7A4F7556}") = "Login", "Login\Login.csproj", "{DB648CEA-19E5-4E94-B633-6CF95B6ED30C}"
EndProject
Project("{9A19103F-16F7-4668-BE54-9A1E7A4F7556}") = "Doacoes", "Doacoes\Doacoes.csproj", "{BDEB4148-D59C-48B1-97A6-4C51A47CAE83}"
EndProject
Project("{9A19103F-16F7-4668-BE54-9A1E7A4F7556}") = "ServerBase", "ServerBase\ServerBase.csproj", "{2DEE2E67-29A3-4B0E-81BE-4707A3620D49}"
EndProject
Project("{9A19103F-16F7-4668-BE54-9A1E7A4F7556}") = "ServerPessoa", "ServerPessoa\ServerPessoa.csproj", "{ECB9C66E-DF1D-4A83-B96A-B49E083F11AB}"
EndProject
Project("{9A19103F-16F7-4668-BE54-9A1E7A4F7556}") = "ServerOng", "ServerOng\ServerOng.csproj", "{B77C5CDF-64ED-433E-9A48-FE85599F2B81}"
EndProject
Project("{9A19103F-16F7-4668-BE54-9A1E7A4F7556}") = "ServerUtils", "ServerUtils\ServerUtils.csproj", "{E824BB30-5171-48E3-8C59-789FCC098168}"
EndProject
Project("{9A19103F-16F7-4668-BE54-9A1E7A4F7556}") = "ServerModel", "ServerModel\ServerModel.csproj", "{5778F6EC-89E8-4056-B21F-E665EC153F0A}"
EndProject
Global
	GlobalSection(SolutionConfigurationPlatforms) = preSolution
		Debug|Any CPU = Debug|Any CPU
		Release|Any CPU = Release|Any CPU
	EndGlobalSection
	GlobalSection(ProjectConfigurationPlatforms) = postSolution
		{E431157A-BD34-41F0-9121-0E1FA8095A89}.Debug|Any CPU.ActiveCfg = Debug|Any CPU
		{E431157A-BD34-41F0-9121-0E1FA8095A89}.Debug|Any CPU.Build.0 = Debug|Any CPU
		{E431157A-BD34-41F0-9121-0E1FA8095A89}.Release|Any CPU.ActiveCfg = Release|Any CPU
		{E431157A-BD34-41F0-9121-0E1FA8095A89}.Release|Any CPU.Build.0 = Release|Any CPU
		{86C42F4A-8E08-452C-8B9F-F03B9539D81A}.Debug|Any CPU.ActiveCfg = Debug|Any CPU
		{86C42F4A-8E08-452C-8B9F-F03B9539D81A}.Debug|Any CPU.Build.0 = Debug|Any CPU
		{86C42F4A-8E08-452C-8B9F-F03B9539D81A}.Release|Any CPU.ActiveCfg = Release|Any CPU
		{86C42F4A-8E08-452C-8B9F-F03B9539D81A}.Release|Any CPU.Build.0 = Release|Any CPU
		{1319EF6F-D33C-4D80-B0A2-9618DC58784A}.Debug|Any CPU.ActiveCfg = Debug|Any CPU
		{1319EF6F-D33C-4D80-B0A2-9618DC58784A}.Debug|Any CPU.Build.0 = Debug|Any CPU
		{1319EF6F-D33C-4D80-B0A2-9618DC58784A}.Release|Any CPU.ActiveCfg = Release|Any CPU
		{1319EF6F-D33C-4D80-B0A2-9618DC58784A}.Release|Any CPU.Build.0 = Release|Any CPU
		{0AB67F95-4E27-4CC6-996B-66DC32363954}.Debug|Any CPU.ActiveCfg = Debug|Any CPU
		{0AB67F95-4E27-4CC6-996B-66DC32363954}.Debug|Any CPU.Build.0 = Debug|Any CPU
		{0AB67F95-4E27-4CC6-996B-66DC32363954}.Release|Any CPU.ActiveCfg = Release|Any CPU
		{0AB67F95-4E27-4CC6-996B-66DC32363954}.Release|Any CPU.Build.0 = Release|Any CPU
		{579697DD-53E2-452B-AB4C-79E140B036FA}.Debug|Any CPU.ActiveCfg = Debug|Any CPU
		{579697DD-53E2-452B-AB4C-79E140B036FA}.Debug|Any CPU.Build.0 = Debug|Any CPU
		{579697DD-53E2-452B-AB4C-79E140B036FA}.Release|Any CPU.ActiveCfg = Release|Any CPU
		{579697DD-53E2-452B-AB4C-79E140B036FA}.Release|Any CPU.Build.0 = Release|Any CPU
		{5C2EEFCA-1F4D-44E5-A352-C09F715B6A3E}.Debug|Any CPU.ActiveCfg = Debug|Any CPU
		{5C2EEFCA-1F4D-44E5-A352-C09F715B6A3E}.Debug|Any CPU.Build.0 = Debug|Any CPU
		{5C2EEFCA-1F4D-44E5-A352-C09F715B6A3E}.Release|Any CPU.ActiveCfg = Release|Any CPU
		{5C2EEFCA-1F4D-44E5-A352-C09F715B6A3E}.Release|Any CPU.Build.0 = Release|Any CPU
		{2BDDC39E-EC4B-44A8-A8F7-866577069FDE}.Debug|Any CPU.ActiveCfg = Debug|Any CPU
		{2BDDC39E-EC4B-44A8-A8F7-866577069FDE}.Debug|Any CPU.Build.0 = Debug|Any CPU
		{2BDDC39E-EC4B-44A8-A8F7-866577069FDE}.Release|Any CPU.ActiveCfg = Release|Any CPU
		{2BDDC39E-EC4B-44A8-A8F7-866577069FDE}.Release|Any CPU.Build.0 = Release|Any CPU
		{DB648CEA-19E5-4E94-B633-6CF95B6ED30C}.Debug|Any CPU.ActiveCfg = Debug|Any CPU
		{DB648CEA-19E5-4E94-B633-6CF95B6ED30C}.Debug|Any CPU.Build.0 = Debug|Any CPU
		{DB648CEA-19E5-4E94-B633-6CF95B6ED30C}.Release|Any CPU.ActiveCfg = Release|Any CPU
		{DB648CEA-19E5-4E94-B633-6CF95B6ED30C}.Release|Any CPU.Build.0 = Release|Any CPU
		{BDEB4148-D59C-48B1-97A6-4C51A47CAE83}.Debug|Any CPU.ActiveCfg = Debug|Any CPU
		{BDEB4148-D59C-48B1-97A6-4C51A47CAE83}.Debug|Any CPU.Build.0 = Debug|Any CPU
		{BDEB4148-D59C-48B1-97A6-4C51A47CAE83}.Release|Any CPU.ActiveCfg = Release|Any CPU
		{BDEB4148-D59C-48B1-97A6-4C51A47CAE83}.Release|Any CPU.Build.0 = Release|Any CPU
		{2DEE2E67-29A3-4B0E-81BE-4707A3620D49}.Debug|Any CPU.ActiveCfg = Debug|Any CPU
		{2DEE2E67-29A3-4B0E-81BE-4707A3620D49}.Debug|Any CPU.Build.0 = Debug|Any CPU
		{2DEE2E67-29A3-4B0E-81BE-4707A3620D49}.Release|Any CPU.ActiveCfg = Release|Any CPU
		{2DEE2E67-29A3-4B0E-81BE-4707A3620D49}.Release|Any CPU.Build.0 = Release|Any CPU
		{ECB9C66E-DF1D-4A83-B96A-B49E083F11AB}.Debug|Any CPU.ActiveCfg = Debug|Any CPU
		{ECB9C66E-DF1D-4A83-B96A-B49E083F11AB}.Debug|Any CPU.Build.0 = Debug|Any CPU
		{ECB9C66E-DF1D-4A83-B96A-B49E083F11AB}.Release|Any CPU.ActiveCfg = Release|Any CPU
		{ECB9C66E-DF1D-4A83-B96A-B49E083F11AB}.Release|Any CPU.Build.0 = Release|Any CPU
		{B77C5CDF-64ED-433E-9A48-FE85599F2B81}.Debug|Any CPU.ActiveCfg = Debug|Any CPU
		{B77C5CDF-64ED-433E-9A48-FE85599F2B81}.Debug|Any CPU.Build.0 = Debug|Any CPU
		{B77C5CDF-64ED-433E-9A48-FE85599F2B81}.Release|Any CPU.ActiveCfg = Release|Any CPU
		{B77C5CDF-64ED-433E-9A48-FE85599F2B81}.Release|Any CPU.Build.0 = Release|Any CPU
		{E824BB30-5171-48E3-8C59-789FCC098168}.Debug|Any CPU.ActiveCfg = Debug|Any CPU
		{E824BB30-5171-48E3-8C59-789FCC098168}.Debug|Any CPU.Build.0 = Debug|Any CPU
		{E824BB30-5171-48E3-8C59-789FCC098168}.Release|Any CPU.ActiveCfg = Release|Any CPU
		{E824BB30-5171-48E3-8C59-789FCC098168}.Release|Any CPU.Build.0 = Release|Any CPU
		{5778F6EC-89E8-4056-B21F-E665EC153F0A}.Debug|Any CPU.ActiveCfg = Debug|Any CPU
		{5778F6EC-89E8-4056-B21F-E665EC153F0A}.Debug|Any CPU.Build.0 = Debug|Any CPU
		{5778F6EC-89E8-4056-B21F-E665EC153F0A}.Release|Any CPU.ActiveCfg = Release|Any CPU
		{5778F6EC-89E8-4056-B21F-E665EC153F0A}.Release|Any CPU.Build.0 = Release|Any CPU
	EndGlobalSection
	GlobalSection(SolutionProperties) = preSolution
		HideSolutionNode = FALSE
	EndGlobalSection
	GlobalSection(NestedProjects) = preSolution
		{E431157A-BD34-41F0-9121-0E1FA8095A89} = {9F4AD789-C203-4155-A3D7-0653CD509FE2}
		{86C42F4A-8E08-452C-8B9F-F03B9539D81A} = {9F4AD789-C203-4155-A3D7-0653CD509FE2}
		{1319EF6F-D33C-4D80-B0A2-9618DC58784A} = {9F4AD789-C203-4155-A3D7-0653CD509FE2}
		{0AB67F95-4E27-4CC6-996B-66DC32363954} = {9F4AD789-C203-4155-A3D7-0653CD509FE2}
		{579697DD-53E2-452B-AB4C-79E140B036FA} = {9F4AD789-C203-4155-A3D7-0653CD509FE2}
		{5C2EEFCA-1F4D-44E5-A352-C09F715B6A3E} = {9F4AD789-C203-4155-A3D7-0653CD509FE2}
		{2BDDC39E-EC4B-44A8-A8F7-866577069FDE} = {9F4AD789-C203-4155-A3D7-0653CD509FE2}
		{DB648CEA-19E5-4E94-B633-6CF95B6ED30C} = {9F4AD789-C203-4155-A3D7-0653CD509FE2}
		{BDEB4148-D59C-48B1-97A6-4C51A47CAE83} = {9F4AD789-C203-4155-A3D7-0653CD509FE2}
		{2DEE2E67-29A3-4B0E-81BE-4707A3620D49} = {7C62B8FF-966F-49A9-8DEC-6E09577F3BD5}
		{ECB9C66E-DF1D-4A83-B96A-B49E083F11AB} = {7C62B8FF-966F-49A9-8DEC-6E09577F3BD5}
		{B77C5CDF-64ED-433E-9A48-FE85599F2B81} = {7C62B8FF-966F-49A9-8DEC-6E09577F3BD5}
		{E824BB30-5171-48E3-8C59-789FCC098168} = {7C62B8FF-966F-49A9-8DEC-6E09577F3BD5}
		{5778F6EC-89E8-4056-B21F-E665EC153F0A} = {7C62B8FF-966F-49A9-8DEC-6E09577F3BD5}
	EndGlobalSection
	GlobalSection(ExtensibilityGlobals) = postSolution
		SolutionGuid = {67343298-AA15-40C7-A66C-8B16205A413F}
	EndGlobalSection
EndGlobal
